// !$*UTF8*$!
{
	archiveVersion = 1;
	classes = {
	};
	objectVersion = 56;
	objects = {

/* Begin PBXBuildFile section */
		2290D01228DC2A290043460C /* CustomViewLabels.swift in Sources */ = {isa = PBXBuildFile; fileRef = 2290D01128DC2A290043460C /* CustomViewLabels.swift */; };
		2290D01428DC2A8F0043460C /* CustomViewLabel.xib in Resources */ = {isa = PBXBuildFile; fileRef = 2290D01328DC2A8F0043460C /* CustomViewLabel.xib */; };
		2290D01628DC2C2D0043460C /* UIViewExtention.swift in Sources */ = {isa = PBXBuildFile; fileRef = 2290D01528DC2C2D0043460C /* UIViewExtention.swift */; };
		2290D01828DC367E0043460C /* CustomViewController.swift in Sources */ = {isa = PBXBuildFile; fileRef = 2290D01728DC367E0043460C /* CustomViewController.swift */; };
		5C80FA0028D99AD8005891DF /* AppDelegate.swift in Sources */ = {isa = PBXBuildFile; fileRef = 5C80F9FF28D99AD8005891DF /* AppDelegate.swift */; };
		5C80FA0228D99AD8005891DF /* SceneDelegate.swift in Sources */ = {isa = PBXBuildFile; fileRef = 5C80FA0128D99AD8005891DF /* SceneDelegate.swift */; };
		5C80FA0428D99AD8005891DF /* ViewController.swift in Sources */ = {isa = PBXBuildFile; fileRef = 5C80FA0328D99AD8005891DF /* ViewController.swift */; };
		5C80FA0728D99AD8005891DF /* Main.storyboard in Resources */ = {isa = PBXBuildFile; fileRef = 5C80FA0528D99AD8005891DF /* Main.storyboard */; };
		5C80FA0928D99ADA005891DF /* Assets.xcassets in Resources */ = {isa = PBXBuildFile; fileRef = 5C80FA0828D99ADA005891DF /* Assets.xcassets */; };
		5C80FA0C28D99ADA005891DF /* LaunchScreen.storyboard in Resources */ = {isa = PBXBuildFile; fileRef = 5C80FA0A28D99ADA005891DF /* LaunchScreen.storyboard */; };
		5C80FA1428D99AF4005891DF /* Food.swift in Sources */ = {isa = PBXBuildFile; fileRef = 5C80FA1328D99AF4005891DF /* Food.swift */; };
		5C80FA1628D9D46E005891DF /* DataProvider.swift in Sources */ = {isa = PBXBuildFile; fileRef = 5C80FA1528D9D46E005891DF /* DataProvider.swift */; };
		5C80FA1A28D9DEEA005891DF /* Hints.swift in Sources */ = {isa = PBXBuildFile; fileRef = 5C80FA1928D9DEEA005891DF /* Hints.swift */; };
		5C80FA1E28D9EB68005891DF /* ApiManager.swift in Sources */ = {isa = PBXBuildFile; fileRef = 5C80FA1D28D9EB68005891DF /* ApiManager.swift */; };
		B8E7C21828DB01A800A1AFF1 /* CustomTableViewCell.swift in Sources */ = {isa = PBXBuildFile; fileRef = B8E7C21728DB01A800A1AFF1 /* CustomTableViewCell.swift */; };
/* End PBXBuildFile section */

/* Begin PBXFileReference section */
		2290D01128DC2A290043460C /* CustomViewLabels.swift */ = {isa = PBXFileReference; lastKnownFileType = sourcecode.swift; path = CustomViewLabels.swift; sourceTree = "<group>"; };
		2290D01328DC2A8F0043460C /* CustomViewLabel.xib */ = {isa = PBXFileReference; lastKnownFileType = file.xib; path = CustomViewLabel.xib; sourceTree = "<group>"; };
		2290D01528DC2C2D0043460C /* UIViewExtention.swift */ = {isa = PBXFileReference; lastKnownFileType = sourcecode.swift; path = UIViewExtention.swift; sourceTree = "<group>"; };
		2290D01728DC367E0043460C /* CustomViewController.swift */ = {isa = PBXFileReference; lastKnownFileType = sourcecode.swift; path = CustomViewController.swift; sourceTree = "<group>"; };
		5C80F9FC28D99AD8005891DF /* SampleAPICall.app */ = {isa = PBXFileReference; explicitFileType = wrapper.application; includeInIndex = 0; path = SampleAPICall.app; sourceTree = BUILT_PRODUCTS_DIR; };
		5C80F9FF28D99AD8005891DF /* AppDelegate.swift */ = {isa = PBXFileReference; lastKnownFileType = sourcecode.swift; path = AppDelegate.swift; sourceTree = "<group>"; };
		5C80FA0128D99AD8005891DF /* SceneDelegate.swift */ = {isa = PBXFileReference; lastKnownFileType = sourcecode.swift; path = SceneDelegate.swift; sourceTree = "<group>"; };
		5C80FA0328D99AD8005891DF /* ViewController.swift */ = {isa = PBXFileReference; lastKnownFileType = sourcecode.swift; path = ViewController.swift; sourceTree = "<group>"; };
		5C80FA0628D99AD8005891DF /* Base */ = {isa = PBXFileReference; lastKnownFileType = file.storyboard; name = Base; path = Base.lproj/Main.storyboard; sourceTree = "<group>"; };
		5C80FA0828D99ADA005891DF /* Assets.xcassets */ = {isa = PBXFileReference; lastKnownFileType = folder.assetcatalog; path = Assets.xcassets; sourceTree = "<group>"; };
		5C80FA0B28D99ADA005891DF /* Base */ = {isa = PBXFileReference; lastKnownFileType = file.storyboard; name = Base; path = Base.lproj/LaunchScreen.storyboard; sourceTree = "<group>"; };
		5C80FA0D28D99ADA005891DF /* Info.plist */ = {isa = PBXFileReference; lastKnownFileType = text.plist.xml; path = Info.plist; sourceTree = "<group>"; };
		5C80FA1328D99AF4005891DF /* Food.swift */ = {isa = PBXFileReference; lastKnownFileType = sourcecode.swift; path = Food.swift; sourceTree = "<group>"; };
		5C80FA1528D9D46E005891DF /* DataProvider.swift */ = {isa = PBXFileReference; lastKnownFileType = sourcecode.swift; path = DataProvider.swift; sourceTree = "<group>"; };
		5C80FA1928D9DEEA005891DF /* Hints.swift */ = {isa = PBXFileReference; lastKnownFileType = sourcecode.swift; path = Hints.swift; sourceTree = "<group>"; };
		5C80FA1D28D9EB68005891DF /* ApiManager.swift */ = {isa = PBXFileReference; lastKnownFileType = sourcecode.swift; path = ApiManager.swift; sourceTree = "<group>"; };
		B8E7C21728DB01A800A1AFF1 /* CustomTableViewCell.swift */ = {isa = PBXFileReference; lastKnownFileType = sourcecode.swift; path = CustomTableViewCell.swift; sourceTree = "<group>"; };
/* End PBXFileReference section */

/* Begin PBXFrameworksBuildPhase section */
		5C80F9F928D99AD8005891DF /* Frameworks */ = {
			isa = PBXFrameworksBuildPhase;
			buildActionMask = 2147483647;
			files = (
			);
			runOnlyForDeploymentPostprocessing = 0;
		};
/* End PBXFrameworksBuildPhase section */

/* Begin PBXGroup section */
		2290D01028DC29F20043460C /* Resuableble */ = {
			isa = PBXGroup;
			children = (
				2290D01128DC2A290043460C /* CustomViewLabels.swift */,
				2290D01328DC2A8F0043460C /* CustomViewLabel.xib */,
				2290D01528DC2C2D0043460C /* UIViewExtention.swift */,
				2290D01728DC367E0043460C /* CustomViewController.swift */,
			);
			path = Resuableble;
			sourceTree = "<group>";
		};
		5C80F9F328D99AD8005891DF = {
			isa = PBXGroup;
			children = (
				2290D01028DC29F20043460C /* Resuableble */,
				5C80F9FE28D99AD8005891DF /* SampleAPICall */,
				5C80F9FD28D99AD8005891DF /* Products */,
			);
			sourceTree = "<group>";
		};
		5C80F9FD28D99AD8005891DF /* Products */ = {
			isa = PBXGroup;
			children = (
				5C80F9FC28D99AD8005891DF /* SampleAPICall.app */,
			);
			name = Products;
			sourceTree = "<group>";
		};
		5C80F9FE28D99AD8005891DF /* SampleAPICall */ = {
			isa = PBXGroup;
			children = (
				5C80F9FF28D99AD8005891DF /* AppDelegate.swift */,
				5C80FA0128D99AD8005891DF /* SceneDelegate.swift */,
				5C80FA0328D99AD8005891DF /* ViewController.swift */,
				5C80FA0528D99AD8005891DF /* Main.storyboard */,
				B8E7C21728DB01A800A1AFF1 /* CustomTableViewCell.swift */,
				5C80FA0828D99ADA005891DF /* Assets.xcassets */,
				5C80FA0A28D99ADA005891DF /* LaunchScreen.storyboard */,
				5C80FA0D28D99ADA005891DF /* Info.plist */,
				5C80FA1D28D9EB68005891DF /* ApiManager.swift */,
				5C80FA1328D99AF4005891DF /* Food.swift */,
				5C80FA1928D9DEEA005891DF /* Hints.swift */,
				5C80FA1528D9D46E005891DF /* DataProvider.swift */,
			);
			path = SampleAPICall;
			sourceTree = "<group>";
		};
/* End PBXGroup section */

/* Begin PBXNativeTarget section */
		5C80F9FB28D99AD8005891DF /* SampleAPICall */ = {
			isa = PBXNativeTarget;
			buildConfigurationList = 5C80FA1028D99ADA005891DF /* Build configuration list for PBXNativeTarget "SampleAPICall" */;
			buildPhases = (
				5C80F9F828D99AD8005891DF /* Sources */,
				5C80F9F928D99AD8005891DF /* Frameworks */,
				5C80F9FA28D99AD8005891DF /* Resources */,
			);
			buildRules = (
			);
			dependencies = (
			);
			name = SampleAPICall;
			productName = SampleAPICall;
			productReference = 5C80F9FC28D99AD8005891DF /* SampleAPICall.app */;
			productType = "com.apple.product-type.application";
		};
/* End PBXNativeTarget section */

/* Begin PBXProject section */
		5C80F9F428D99AD8005891DF /* Project object */ = {
			isa = PBXProject;
			attributes = {
				BuildIndependentTargetsInParallel = 1;
				LastSwiftUpdateCheck = 1400;
				LastUpgradeCheck = 1400;
				TargetAttributes = {
					5C80F9FB28D99AD8005891DF = {
						CreatedOnToolsVersion = 14.0;
					};
				};
			};
			buildConfigurationList = 5C80F9F728D99AD8005891DF /* Build configuration list for PBXProject "SampleAPICall" */;
			compatibilityVersion = "Xcode 14.0";
			developmentRegion = en;
			hasScannedForEncodings = 0;
			knownRegions = (
				en,
				Base,
			);
			mainGroup = 5C80F9F328D99AD8005891DF;
			productRefGroup = 5C80F9FD28D99AD8005891DF /* Products */;
			projectDirPath = "";
			projectRoot = "";
			targets = (
				5C80F9FB28D99AD8005891DF /* SampleAPICall */,
			);
		};
/* End PBXProject section */

/* Begin PBXResourcesBuildPhase section */
		5C80F9FA28D99AD8005891DF /* Resources */ = {
			isa = PBXResourcesBuildPhase;
			buildActionMask = 2147483647;
			files = (
				5C80FA0C28D99ADA005891DF /* LaunchScreen.storyboard in Resources */,
				5C80FA0928D99ADA005891DF /* Assets.xcassets in Resources */,
				2290D01428DC2A8F0043460C /* CustomViewLabel.xib in Resources */,
				5C80FA0728D99AD8005891DF /* Main.storyboard in Resources */,
			);
			runOnlyForDeploymentPostprocessing = 0;
		};
/* End PBXResourcesBuildPhase section */

/* Begin PBXSourcesBuildPhase section */
		5C80F9F828D99AD8005891DF /* Sources */ = {
			isa = PBXSourcesBuildPhase;
			buildActionMask = 2147483647;
			files = (
				5C80FA0428D99AD8005891DF /* ViewController.swift in Sources */,
				2290D01628DC2C2D0043460C /* UIViewExtention.swift in Sources */,
				5C80FA1428D99AF4005891DF /* Food.swift in Sources */,
				B8E7C21828DB01A800A1AFF1 /* CustomTableViewCell.swift in Sources */,
				2290D01228DC2A290043460C /* CustomViewLabels.swift in Sources */,
				5C80FA1A28D9DEEA005891DF /* Hints.swift in Sources */,
				5C80FA1E28D9EB68005891DF /* ApiManager.swift in Sources */,
				2290D01828DC367E0043460C /* CustomViewController.swift in Sources */,
				5C80FA1628D9D46E005891DF /* DataProvider.swift in Sources */,
				5C80FA0028D99AD8005891DF /* AppDelegate.swift in Sources */,
				5C80FA0228D99AD8005891DF /* SceneDelegate.swift in Sources */,
			);
			runOnlyForDeploymentPostprocessing = 0;
		};
/* End PBXSourcesBuildPhase section */

/* Begin PBXVariantGroup section */
		5C80FA0528D99AD8005891DF /* Main.storyboard */ = {
			isa = PBXVariantGroup;
			children = (
				5C80FA0628D99AD8005891DF /* Base */,
			);
			name = Main.storyboard;
			sourceTree = "<group>";
		};
		5C80FA0A28D99ADA005891DF /* LaunchScreen.storyboard */ = {
			isa = PBXVariantGroup;
			children = (
				5C80FA0B28D99ADA005891DF /* Base */,
			);
			name = LaunchScreen.storyboard;
			sourceTree = "<group>";
		};
/* End PBXVariantGroup section */

/* Begin XCBuildConfiguration section */
		5C80FA0E28D99ADA005891DF /* Debug */ = {
			isa = XCBuildConfiguration;
			buildSettings = {
				ALWAYS_SEARCH_USER_PATHS = NO;
				CLANG_ANALYZER_NONNULL = YES;
				CLANG_ANALYZER_NUMBER_OBJECT_CONVERSION = YES_AGGRESSIVE;
				CLANG_CXX_LANGUAGE_STANDARD = "gnu++20";
				CLANG_ENABLE_MODULES = YES;
				CLANG_ENABLE_OBJC_ARC = YES;
				CLANG_ENABLE_OBJC_WEAK = YES;
				CLANG_WARN_BLOCK_CAPTURE_AUTORELEASING = YES;
				CLANG_WARN_BOOL_CONVERSION = YES;
				CLANG_WARN_COMMA = YES;
				CLANG_WARN_CONSTANT_CONVERSION = YES;
				CLANG_WARN_DEPRECATED_OBJC_IMPLEMENTATIONS = YES;
				CLANG_WARN_DIRECT_OBJC_ISA_USAGE = YES_ERROR;
				CLANG_WARN_DOCUMENTATION_COMMENTS = YES;
				CLANG_WARN_EMPTY_BODY = YES;
				CLANG_WARN_ENUM_CONVERSION = YES;
				CLANG_WARN_INFINITE_RECURSION = YES;
				CLANG_WARN_INT_CONVERSION = YES;
				CLANG_WARN_NON_LITERAL_NULL_CONVERSION = YES;
				CLANG_WARN_OBJC_IMPLICIT_RETAIN_SELF = YES;
				CLANG_WARN_OBJC_LITERAL_CONVERSION = YES;
				CLANG_WARN_OBJC_ROOT_CLASS = YES_ERROR;
				CLANG_WARN_QUOTED_INCLUDE_IN_FRAMEWORK_HEADER = YES;
				CLANG_WARN_RANGE_LOOP_ANALYSIS = YES;
				CLANG_WARN_STRICT_PROTOTYPES = YES;
				CLANG_WARN_SUSPICIOUS_MOVE = YES;
				CLANG_WARN_UNGUARDED_AVAILABILITY = YES_AGGRESSIVE;
				CLANG_WARN_UNREACHABLE_CODE = YES;
				CLANG_WARN__DUPLICATE_METHOD_MATCH = YES;
				COPY_PHASE_STRIP = NO;
				DEBUG_INFORMATION_FORMAT = dwarf;
				ENABLE_STRICT_OBJC_MSGSEND = YES;
				ENABLE_TESTABILITY = YES;
				GCC_C_LANGUAGE_STANDARD = gnu11;
				GCC_DYNAMIC_NO_PIC = NO;
				GCC_NO_COMMON_BLOCKS = YES;
				GCC_OPTIMIZATION_LEVEL = 0;
				GCC_PREPROCESSOR_DEFINITIONS = (
					"DEBUG=1",
					"$(inherited)",
				);
				GCC_WARN_64_TO_32_BIT_CONVERSION = YES;
				GCC_WARN_ABOUT_RETURN_TYPE = YES_ERROR;
				GCC_WARN_UNDECLARED_SELECTOR = YES;
				GCC_WARN_UNINITIALIZED_AUTOS = YES_AGGRESSIVE;
				GCC_WARN_UNUSED_FUNCTION = YES;
				GCC_WARN_UNUSED_VARIABLE = YES;
				IPHONEOS_DEPLOYMENT_TARGET = 16.0;
				MTL_ENABLE_DEBUG_INFO = INCLUDE_SOURCE;
				MTL_FAST_MATH = YES;
				ONLY_ACTIVE_ARCH = YES;
				SDKROOT = iphoneos;
				SWIFT_ACTIVE_COMPILATION_CONDITIONS = DEBUG;
				SWIFT_OPTIMIZATION_LEVEL = "-Onone";
			};
			name = Debug;
		};
		5C80FA0F28D99ADA005891DF /* Release */ = {
			isa = XCBuildConfiguration;
			buildSettings = {
				ALWAYS_SEARCH_USER_PATHS = NO;
				CLANG_ANALYZER_NONNULL = YES;
				CLANG_ANALYZER_NUMBER_OBJECT_CONVERSION = YES_AGGRESSIVE;
				CLANG_CXX_LANGUAGE_STANDARD = "gnu++20";
				CLANG_ENABLE_MODULES = YES;
				CLANG_ENABLE_OBJC_ARC = YES;
				CLANG_ENABLE_OBJC_WEAK = YES;
				CLANG_WARN_BLOCK_CAPTURE_AUTORELEASING = YES;
				CLANG_WARN_BOOL_CONVERSION = YES;
				CLANG_WARN_COMMA = YES;
				CLANG_WARN_CONSTANT_CONVERSION = YES;
				CLANG_WARN_DEPRECATED_OBJC_IMPLEMENTATIONS = YES;
				CLANG_WARN_DIRECT_OBJC_ISA_USAGE = YES_ERROR;
				CLANG_WARN_DOCUMENTATION_COMMENTS = YES;
				CLANG_WARN_EMPTY_BODY = YES;
				CLANG_WARN_ENUM_CONVERSION = YES;
				CLANG_WARN_INFINITE_RECURSION = YES;
				CLANG_WARN_INT_CONVERSION = YES;
				CLANG_WARN_NON_LITERAL_NULL_CONVERSION = YES;
				CLANG_WARN_OBJC_IMPLICIT_RETAIN_SELF = YES;
				CLANG_WARN_OBJC_LITERAL_CONVERSION = YES;
				CLANG_WARN_OBJC_ROOT_CLASS = YES_ERROR;
				CLANG_WARN_QUOTED_INCLUDE_IN_FRAMEWORK_HEADER = YES;
				CLANG_WARN_RANGE_LOOP_ANALYSIS = YES;
				CLANG_WARN_STRICT_PROTOTYPES = YES;
				CLANG_WARN_SUSPICIOUS_MOVE = YES;
				CLANG_WARN_UNGUARDED_AVAILABILITY = YES_AGGRESSIVE;
				CLANG_WARN_UNREACHABLE_CODE = YES;
				CLANG_WARN__DUPLICATE_METHOD_MATCH = YES;
				COPY_PHASE_STRIP = NO;
				DEBUG_INFORMATION_FORMAT = "dwarf-with-dsym";
				ENABLE_NS_ASSERTIONS = NO;
				ENABLE_STRICT_OBJC_MSGSEND = YES;
				GCC_C_LANGUAGE_STANDARD = gnu11;
				GCC_NO_COMMON_BLOCKS = YES;
				GCC_WARN_64_TO_32_BIT_CONVERSION = YES;
				GCC_WARN_ABOUT_RETURN_TYPE = YES_ERROR;
				GCC_WARN_UNDECLARED_SELECTOR = YES;
				GCC_WARN_UNINITIALIZED_AUTOS = YES_AGGRESSIVE;
				GCC_WARN_UNUSED_FUNCTION = YES;
				GCC_WARN_UNUSED_VARIABLE = YES;
				IPHONEOS_DEPLOYMENT_TARGET = 16.0;
				MTL_ENABLE_DEBUG_INFO = NO;
				MTL_FAST_MATH = YES;
				SDKROOT = iphoneos;
				SWIFT_COMPILATION_MODE = wholemodule;
				SWIFT_OPTIMIZATION_LEVEL = "-O";
				VALIDATE_PRODUCT = YES;
			};
			name = Release;
		};
		5C80FA1128D99ADA005891DF /* Debug */ = {
			isa = XCBuildConfiguration;
			buildSettings = {
				ASSETCATALOG_COMPILER_APPICON_NAME = AppIcon;
				ASSETCATALOG_COMPILER_GLOBAL_ACCENT_COLOR_NAME = AccentColor;
				CODE_SIGN_STYLE = Automatic;
				CURRENT_PROJECT_VERSION = 1;
				GENERATE_INFOPLIST_FILE = YES;
				INFOPLIST_FILE = SampleAPICall/Info.plist;
				INFOPLIST_KEY_UIApplicationSupportsIndirectInputEvents = YES;
				INFOPLIST_KEY_UILaunchStoryboardName = LaunchScreen;
				INFOPLIST_KEY_UIMainStoryboardFile = Main;
				INFOPLIST_KEY_UISupportedInterfaceOrientations_iPad = "UIInterfaceOrientationPortrait UIInterfaceOrientationPortraitUpsideDown UIInterfaceOrientationLandscapeLeft UIInterfaceOrientationLandscapeRight";
				INFOPLIST_KEY_UISupportedInterfaceOrientations_iPhone = "UIInterfaceOrientationPortrait UIInterfaceOrientationLandscapeLeft UIInterfaceOrientationLandscapeRight";
				LD_RUNPATH_SEARCH_PATHS = (
					"$(inherited)",
					"@executable_path/Frameworks",
				);
				MARKETING_VERSION = 1.0;
				PRODUCT_BUNDLE_IDENTIFIER = com.sibu.SampleAPICall;
				PRODUCT_NAME = "$(TARGET_NAME)";
				SWIFT_EMIT_LOC_STRINGS = YES;
				SWIFT_VERSION = 5.0;
				TARGETED_DEVICE_FAMILY = "1,2";
			};
			name = Debug;
		};
		5C80FA1228D99ADA005891DF /* Release */ = {
			isa = XCBuildConfiguration;
			buildSettings = {
				ASSETCATALOG_COMPILER_APPICON_NAME = AppIcon;
				ASSETCATALOG_COMPILER_GLOBAL_ACCENT_COLOR_NAME = AccentColor;
				CODE_SIGN_STYLE = Automatic;
				CURRENT_PROJECT_VERSION = 1;
				GENERATE_INFOPLIST_FILE = YES;
				INFOPLIST_FILE = SampleAPICall/Info.plist;
				INFOPLIST_KEY_UIApplicationSupportsIndirectInputEvents = YES;
				INFOPLIST_KEY_UILaunchStoryboardName = LaunchScreen;
				INFOPLIST_KEY_UIMainStoryboardFile = Main;
				INFOPLIST_KEY_UISupportedInterfaceOrientations_iPad = "UIInterfaceOrientationPortrait UIInterfaceOrientationPortraitUpsideDown UIInterfaceOrientationLandscapeLeft UIInterfaceOrientationLandscapeRight";
				INFOPLIST_KEY_UISupportedInterfaceOrientations_iPhone = "UIInterfaceOrientationPortrait UIInterfaceOrientationLandscapeLeft UIInterfaceOrientationLandscapeRight";
				LD_RUNPATH_SEARCH_PATHS = (
					"$(inherited)",
					"@executable_path/Frameworks",
				);
				MARKETING_VERSION = 1.0;
				PRODUCT_BUNDLE_IDENTIFIER = com.sibu.SampleAPICall;
				PRODUCT_NAME = "$(TARGET_NAME)";
				SWIFT_EMIT_LOC_STRINGS = YES;
				SWIFT_VERSION = 5.0;
				TARGETED_DEVICE_FAMILY = "1,2";
			};
			name = Release;
		};
/* End XCBuildConfiguration section */

/* Begin XCConfigurationList section */
		5C80F9F728D99AD8005891DF /* Build configuration list for PBXProject "SampleAPICall" */ = {
			isa = XCConfigurationList;
			buildConfigurations = (
				5C80FA0E28D99ADA005891DF /* Debug */,
				5C80FA0F28D99ADA005891DF /* Release */,
			);
			defaultConfigurationIsVisible = 0;
			defaultConfigurationName = Release;
		};
		5C80FA1028D99ADA005891DF /* Build configuration list for PBXNativeTarget "SampleAPICall" */ = {
			isa = XCConfigurationList;
			buildConfigurations = (
				5C80FA1128D99ADA005891DF /* Debug */,
				5C80FA1228D99ADA005891DF /* Release */,
			);
			defaultConfigurationIsVisible = 0;
			defaultConfigurationName = Release;
		};
/* End XCConfigurationList section */
	};
	rootObject = 5C80F9F428D99AD8005891DF /* Project object */;
}
